
Microsoft Visual Studio Solution File, Format Version 12.00
# Visual Studio Version 17
VisualStudioVersion = 17.0.32014.148
MinimumVisualStudioVersion = 10.0.40219.1
Project("{FAE04EC0-301F-11D3-BF4B-00C04F79EFBC}") = "FormValidationCore", "FormValidationCore\FormValidationCore.csproj", "{9A544761-040A-4036-97F4-514473DF6E27}"
EndProject
Global
	GlobalSection(SolutionConfigurationPlatforms) = preSolution
		Debug|Any CPU = Debug|Any CPU
		Release|Any CPU = Release|Any CPU
	EndGlobalSection
	GlobalSection(ProjectConfigurationPlatforms) = postSolution
		{9A544761-040A-4036-97F4-514473DF6E27}.Debug|Any CPU.ActiveCfg = Debug|Any CPU
		{9A544761-040A-4036-97F4-514473DF6E27}.Debug|Any CPU.Build.0 = Debug|Any CPU
		{9A544761-040A-4036-97F4-514473DF6E27}.Release|Any CPU.ActiveCfg = Release|Any CPU
		{9A544761-040A-4036-97F4-514473DF6E27}.Release|Any CPU.Build.0 = Release|Any CPU
	EndGlobalSection
	GlobalSection(SolutionProperties) = preSolution
		HideSolutionNode = FALSE
	EndGlobalSection
	GlobalSection(ExtensibilityGlobals) = postSolution
		SolutionGuid = {9E1960B7-E1AB-4225-BAA9-3527ECEC5EBF}
	EndGlobalSection
EndGlobal
